
Microsoft Visual Studio Solution File, Format Version 12.00
# Visual Studio 2012
Project("{FAE04EC0-301F-11D3-BF4B-00C04F79EFBC}") = "Project01", "Project01\Project01.csproj", "{B890FED0-1447-4145-B102-9DD36816AE3C}"
EndProject
Global
	GlobalSection(SolutionConfigurationPlatforms) = preSolution
		Debug|Any CPU = Debug|Any CPU
		Release|Any CPU = Release|Any CPU
	EndGlobalSection
	GlobalSection(ProjectConfigurationPlatforms) = postSolution
		{B890FED0-1447-4145-B102-9DD36816AE3C}.Debug|Any CPU.ActiveCfg = Debug|Any CPU
		{B890FED0-1447-4145-B102-9DD36816AE3C}.Debug|Any CPU.Build.0 = Debug|Any CPU
		{B890FED0-1447-4145-B102-9DD36816AE3C}.Release|Any CPU.ActiveCfg = Release|Any CPU
		{B890FED0-1447-4145-B102-9DD36816AE3C}.Release|Any CPU.Build.0 = Release|Any CPU
	EndGlobalSection
	GlobalSection(SolutionProperties) = preSolution
		HideSolutionNode = FALSE
	EndGlobalSection
EndGlobal
